
Microsoft Visual Studio Solution File, Format Version 12.00
# Visual Studio Version 16
VisualStudioVersion = 16.0.28803.452
MinimumVisualStudioVersion = 10.0.40219.1
Project("{9A19103F-16F7-4668-BE54-9A1E7A4F7556}") = "AspCribbage", "AspCribbage\AspCribbage.csproj", "{A43B0172-7083-4769-9957-A9C4452A1762}"
EndProject
Project("{9A19103F-16F7-4668-BE54-9A1E7A4F7556}") = "AspCribbageModels", "AspCribbageModels\AspCribbageModels.csproj", "{FE57A19B-896C-434E-AB2A-F26376B79A6E}"
EndProject
Project("{9A19103F-16F7-4668-BE54-9A1E7A4F7556}") = "conTest", "conTest\conTest.csproj", "{D45BE58A-3474-4DDA-9124-E9A414D59BDC}"
EndProject
Global
	GlobalSection(SolutionConfigurationPlatforms) = preSolution
		Debug|Any CPU = Debug|Any CPU
		Release|Any CPU = Release|Any CPU
	EndGlobalSection
	GlobalSection(ProjectConfigurationPlatforms) = postSolution
		{A43B0172-7083-4769-9957-A9C4452A1762}.Debug|Any CPU.ActiveCfg = Debug|Any CPU
		{A43B0172-7083-4769-9957-A9C4452A1762}.Debug|Any CPU.Build.0 = Debug|Any CPU
		{A43B0172-7083-4769-9957-A9C4452A1762}.Release|Any CPU.ActiveCfg = Release|Any CPU
		{A43B0172-7083-4769-9957-A9C4452A1762}.Release|Any CPU.Build.0 = Release|Any CPU
		{FE57A19B-896C-434E-AB2A-F26376B79A6E}.Debug|Any CPU.ActiveCfg = Debug|Any CPU
		{FE57A19B-896C-434E-AB2A-F26376B79A6E}.Debug|Any CPU.Build.0 = Debug|Any CPU
		{FE57A19B-896C-434E-AB2A-F26376B79A6E}.Release|Any CPU.ActiveCfg = Release|Any CPU
		{FE57A19B-896C-434E-AB2A-F26376B79A6E}.Release|Any CPU.Build.0 = Release|Any CPU
		{D45BE58A-3474-4DDA-9124-E9A414D59BDC}.Debug|Any CPU.ActiveCfg = Debug|Any CPU
		{D45BE58A-3474-4DDA-9124-E9A414D59BDC}.Debug|Any CPU.Build.0 = Debug|Any CPU
		{D45BE58A-3474-4DDA-9124-E9A414D59BDC}.Release|Any CPU.ActiveCfg = Release|Any CPU
		{D45BE58A-3474-4DDA-9124-E9A414D59BDC}.Release|Any CPU.Build.0 = Release|Any CPU
	EndGlobalSection
	GlobalSection(SolutionProperties) = preSolution
		HideSolutionNode = FALSE
	EndGlobalSection
	GlobalSection(ExtensibilityGlobals) = postSolution
		SolutionGuid = {660EE614-1581-451E-A007-53376288AB78}
	EndGlobalSection
EndGlobal
