
Microsoft Visual Studio Solution File, Format Version 12.00
# Visual Studio 15
VisualStudioVersion = 15.0.28307.168
MinimumVisualStudioVersion = 10.0.40219.1
Project("{FAE04EC0-301F-11D3-BF4B-00C04F79EFBC}") = "AspCribbage", "AspCribbage\AspCribbage.csproj", "{A43B0172-7083-4769-9957-A9C4452A1762}"
EndProject
Global
	GlobalSection(SolutionConfigurationPlatforms) = preSolution
		Debug|Any CPU = Debug|Any CPU
		Release|Any CPU = Release|Any CPU
	EndGlobalSection
	GlobalSection(ProjectConfigurationPlatforms) = postSolution
		{A43B0172-7083-4769-9957-A9C4452A1762}.Debug|Any CPU.ActiveCfg = Debug|Any CPU
		{A43B0172-7083-4769-9957-A9C4452A1762}.Debug|Any CPU.Build.0 = Debug|Any CPU
		{A43B0172-7083-4769-9957-A9C4452A1762}.Release|Any CPU.ActiveCfg = Release|Any CPU
		{A43B0172-7083-4769-9957-A9C4452A1762}.Release|Any CPU.Build.0 = Release|Any CPU
	EndGlobalSection
	GlobalSection(SolutionProperties) = preSolution
		HideSolutionNode = FALSE
	EndGlobalSection
	GlobalSection(ExtensibilityGlobals) = postSolution
		SolutionGuid = {660EE614-1581-451E-A007-53376288AB78}
	EndGlobalSection
EndGlobal
